
Microsoft Visual Studio Solution File, Format Version 12.00
# Visual Studio 15
VisualStudioVersion = 15.0.27703.2042
MinimumVisualStudioVersion = 10.0.40219.1
Project("{888888A0-9F3D-457C-B088-3A5042F75D52}") = "Comp_HW3", "Comp_HW3\Comp_HW3.pyproj", "{A7089A5B-6672-4697-9419-E7F1C6FAD878}"
EndProject
Global
	GlobalSection(SolutionConfigurationPlatforms) = preSolution
		Debug|Any CPU = Debug|Any CPU
		Release|Any CPU = Release|Any CPU
	EndGlobalSection
	GlobalSection(ProjectConfigurationPlatforms) = postSolution
		{A7089A5B-6672-4697-9419-E7F1C6FAD878}.Debug|Any CPU.ActiveCfg = Debug|Any CPU
		{A7089A5B-6672-4697-9419-E7F1C6FAD878}.Release|Any CPU.ActiveCfg = Release|Any CPU
	EndGlobalSection
	GlobalSection(SolutionProperties) = preSolution
		HideSolutionNode = FALSE
	EndGlobalSection
	GlobalSection(ExtensibilityGlobals) = postSolution
		SolutionGuid = {1A11487D-D4F8-4017-B013-18D28908C595}
	EndGlobalSection
EndGlobal
